
Microsoft Visual Studio Solution File, Format Version 12.00
# Visual Studio Version 17
VisualStudioVersion = 17.6.33723.286
MinimumVisualStudioVersion = 10.0.40219.1
Project("{FAE04EC0-301F-11D3-BF4B-00C04F79EFBC}") = "InfinityScraper", "InfinityScraper.csproj", "{813700F1-B1C2-4486-BA87-D10692C2CEA9}"
EndProject
Global
	GlobalSection(SolutionConfigurationPlatforms) = preSolution
		Debug|Any CPU = Debug|Any CPU
		Release|Any CPU = Release|Any CPU
	EndGlobalSection
	GlobalSection(ProjectConfigurationPlatforms) = postSolution
		{813700F1-B1C2-4486-BA87-D10692C2CEA9}.Debug|Any CPU.ActiveCfg = Debug|Any CPU
		{813700F1-B1C2-4486-BA87-D10692C2CEA9}.Debug|Any CPU.Build.0 = Debug|Any CPU
		{813700F1-B1C2-4486-BA87-D10692C2CEA9}.Release|Any CPU.ActiveCfg = Release|Any CPU
		{813700F1-B1C2-4486-BA87-D10692C2CEA9}.Release|Any CPU.Build.0 = Release|Any CPU
	EndGlobalSection
	GlobalSection(SolutionProperties) = preSolution
		HideSolutionNode = FALSE
	EndGlobalSection
	GlobalSection(ExtensibilityGlobals) = postSolution
		SolutionGuid = {6B00ED2A-D25E-4F11-BD3D-8455C5A61264}
	EndGlobalSection
EndGlobal
